
Microsoft Visual Studio Solution File, Format Version 12.00
# Visual Studio 15
VisualStudioVersion = 15.0.28307.1300
MinimumVisualStudioVersion = 10.0.40219.1
Project("{FAE04EC0-301F-11D3-BF4B-00C04F79EFBC}") = "Visual", "Visual\Visual.csproj", "{36C66294-3F90-49B9-92A6-7B914A2D52F5}"
EndProject
Project("{FAE04EC0-301F-11D3-BF4B-00C04F79EFBC}") = "Model", "Model\Model.csproj", "{3618DB38-F029-4D1F-854A-F791A32CE411}"
EndProject
Project("{FAE04EC0-301F-11D3-BF4B-00C04F79EFBC}") = "Control", "Control\Control.csproj", "{F2E6A5E9-455D-4302-8B3C-98C6AB5DEE86}"
EndProject
Project("{FAE04EC0-301F-11D3-BF4B-00C04F79EFBC}") = "Data", "Data\Data.csproj", "{82EB499A-3036-430E-A4F0-D4337E78D8D1}"
EndProject
Project("{FAE04EC0-301F-11D3-BF4B-00C04F79EFBC}") = "TestsPrision", "TestsPrision\TestsPrision.csproj", "{21BFA4E5-B690-4ABD-8A89-58F732536D4D}"
EndProject
Global
	GlobalSection(SolutionConfigurationPlatforms) = preSolution
		Debug|Any CPU = Debug|Any CPU
		Release|Any CPU = Release|Any CPU
	EndGlobalSection
	GlobalSection(ProjectConfigurationPlatforms) = postSolution
		{36C66294-3F90-49B9-92A6-7B914A2D52F5}.Debug|Any CPU.ActiveCfg = Debug|Any CPU
		{36C66294-3F90-49B9-92A6-7B914A2D52F5}.Debug|Any CPU.Build.0 = Debug|Any CPU
		{36C66294-3F90-49B9-92A6-7B914A2D52F5}.Release|Any CPU.ActiveCfg = Release|Any CPU
		{36C66294-3F90-49B9-92A6-7B914A2D52F5}.Release|Any CPU.Build.0 = Release|Any CPU
		{3618DB38-F029-4D1F-854A-F791A32CE411}.Debug|Any CPU.ActiveCfg = Debug|Any CPU
		{3618DB38-F029-4D1F-854A-F791A32CE411}.Debug|Any CPU.Build.0 = Debug|Any CPU
		{3618DB38-F029-4D1F-854A-F791A32CE411}.Release|Any CPU.ActiveCfg = Release|Any CPU
		{3618DB38-F029-4D1F-854A-F791A32CE411}.Release|Any CPU.Build.0 = Release|Any CPU
		{F2E6A5E9-455D-4302-8B3C-98C6AB5DEE86}.Debug|Any CPU.ActiveCfg = Debug|Any CPU
		{F2E6A5E9-455D-4302-8B3C-98C6AB5DEE86}.Debug|Any CPU.Build.0 = Debug|Any CPU
		{F2E6A5E9-455D-4302-8B3C-98C6AB5DEE86}.Release|Any CPU.ActiveCfg = Release|Any CPU
		{F2E6A5E9-455D-4302-8B3C-98C6AB5DEE86}.Release|Any CPU.Build.0 = Release|Any CPU
		{82EB499A-3036-430E-A4F0-D4337E78D8D1}.Debug|Any CPU.ActiveCfg = Debug|Any CPU
		{82EB499A-3036-430E-A4F0-D4337E78D8D1}.Debug|Any CPU.Build.0 = Debug|Any CPU
		{82EB499A-3036-430E-A4F0-D4337E78D8D1}.Release|Any CPU.ActiveCfg = Release|Any CPU
		{82EB499A-3036-430E-A4F0-D4337E78D8D1}.Release|Any CPU.Build.0 = Release|Any CPU
		{21BFA4E5-B690-4ABD-8A89-58F732536D4D}.Debug|Any CPU.ActiveCfg = Debug|Any CPU
		{21BFA4E5-B690-4ABD-8A89-58F732536D4D}.Debug|Any CPU.Build.0 = Debug|Any CPU
		{21BFA4E5-B690-4ABD-8A89-58F732536D4D}.Release|Any CPU.ActiveCfg = Release|Any CPU
		{21BFA4E5-B690-4ABD-8A89-58F732536D4D}.Release|Any CPU.Build.0 = Release|Any CPU
	EndGlobalSection
	GlobalSection(SolutionProperties) = preSolution
		HideSolutionNode = FALSE
	EndGlobalSection
	GlobalSection(ExtensibilityGlobals) = postSolution
		SolutionGuid = {4189B80C-6B26-43B6-8EEC-1EEB594CF2A5}
	EndGlobalSection
EndGlobal
